
Microsoft Visual Studio Solution File, Format Version 9.00
# Visual Studio 2005
Project("{FAE04EC0-301F-11D3-BF4B-00C04F79EFBC}") = "Compile", "Compile\Compile.csproj", "{73C5E263-D416-4AED-AE4E-0CD1903B2518}"
EndProject
Global
	GlobalSection(SolutionConfigurationPlatforms) = preSolution
		Debug|Any CPU = Debug|Any CPU
		Release|Any CPU = Release|Any CPU
	EndGlobalSection
	GlobalSection(ProjectConfigurationPlatforms) = postSolution
		{73C5E263-D416-4AED-AE4E-0CD1903B2518}.Debug|Any CPU.ActiveCfg = Debug|Any CPU
		{73C5E263-D416-4AED-AE4E-0CD1903B2518}.Debug|Any CPU.Build.0 = Debug|Any CPU
		{73C5E263-D416-4AED-AE4E-0CD1903B2518}.Release|Any CPU.ActiveCfg = Release|Any CPU
		{73C5E263-D416-4AED-AE4E-0CD1903B2518}.Release|Any CPU.Build.0 = Release|Any CPU
	EndGlobalSection
	GlobalSection(SolutionProperties) = preSolution
		HideSolutionNode = FALSE
	EndGlobalSection
EndGlobal
